
Microsoft Visual Studio Solution File, Format Version 12.00
# Visual Studio Version 16
VisualStudioVersion = 16.0.31112.23
MinimumVisualStudioVersion = 10.0.40219.1
Project("{FAE04EC0-301F-11D3-BF4B-00C04F79EFBC}") = "Q.53", "Q.53.csproj", "{4F8D7D64-F1B1-4C57-B7DF-0014DB5B32A5}"
EndProject
Global
	GlobalSection(SolutionConfigurationPlatforms) = preSolution
		Debug|Any CPU = Debug|Any CPU
		Release|Any CPU = Release|Any CPU
	EndGlobalSection
	GlobalSection(ProjectConfigurationPlatforms) = postSolution
		{4F8D7D64-F1B1-4C57-B7DF-0014DB5B32A5}.Debug|Any CPU.ActiveCfg = Debug|Any CPU
		{4F8D7D64-F1B1-4C57-B7DF-0014DB5B32A5}.Debug|Any CPU.Build.0 = Debug|Any CPU
		{4F8D7D64-F1B1-4C57-B7DF-0014DB5B32A5}.Release|Any CPU.ActiveCfg = Release|Any CPU
		{4F8D7D64-F1B1-4C57-B7DF-0014DB5B32A5}.Release|Any CPU.Build.0 = Release|Any CPU
	EndGlobalSection
	GlobalSection(SolutionProperties) = preSolution
		HideSolutionNode = FALSE
	EndGlobalSection
	GlobalSection(ExtensibilityGlobals) = postSolution
		SolutionGuid = {3090CD8C-C6FC-43D2-936A-B74C56FF7D75}
	EndGlobalSection
EndGlobal
