
Microsoft Visual Studio Solution File, Format Version 12.00
# Visual Studio Version 16
VisualStudioVersion = 16.0.31112.23
MinimumVisualStudioVersion = 10.0.40219.1
Project("{FAE04EC0-301F-11D3-BF4B-00C04F79EFBC}") = "Q.59", "Q.59.csproj", "{C51C3882-9C20-4E86-858B-AD0ADC1E09C1}"
EndProject
Global
	GlobalSection(SolutionConfigurationPlatforms) = preSolution
		Debug|Any CPU = Debug|Any CPU
		Release|Any CPU = Release|Any CPU
	EndGlobalSection
	GlobalSection(ProjectConfigurationPlatforms) = postSolution
		{C51C3882-9C20-4E86-858B-AD0ADC1E09C1}.Debug|Any CPU.ActiveCfg = Debug|Any CPU
		{C51C3882-9C20-4E86-858B-AD0ADC1E09C1}.Debug|Any CPU.Build.0 = Debug|Any CPU
		{C51C3882-9C20-4E86-858B-AD0ADC1E09C1}.Release|Any CPU.ActiveCfg = Release|Any CPU
		{C51C3882-9C20-4E86-858B-AD0ADC1E09C1}.Release|Any CPU.Build.0 = Release|Any CPU
	EndGlobalSection
	GlobalSection(SolutionProperties) = preSolution
		HideSolutionNode = FALSE
	EndGlobalSection
	GlobalSection(ExtensibilityGlobals) = postSolution
		SolutionGuid = {51F70966-8797-4CDF-91E8-3D7ABA3F4805}
	EndGlobalSection
EndGlobal
